<?xml version="1.0" encoding="utf-8"?>
<Project ToolsVersion="4.0" xmlns="http://schemas.microsoft.com/developer/msbuild/2003">
  <ItemGroup>
    <Filter Include="Source Files">
      <UniqueIdentifier>{4FC737F1-C7A5-4376-A066-2A32D752A2FF}</UniqueIdentifier>
      <Extensions>cpp;c;cc;cxx;def;odl;idl;hpj;bat;asm;asmx</Extensions>
    </Filter>
    <Filter Include="Header Files">
      <UniqueIdentifier>{93995380-89BD-4b04-88EB-625FBE52EBFB}</UniqueIdentifier>
      <Extensions>h;hh;hpp;hxx;hm;inl;inc;xsd</Extensions>
    </Filter>
    <Filter Include="Resource Files">
      <UniqueIdentifier>{67DA6AB6-F800-4c08-8B7A-83BB121AAD01}</UniqueIdentifier>
      <Extensions>rc;ico;cur;bmp;dlg;rc2;rct;bin;rgs;gif;jpg;jpeg;jpe;resx;tiff;tif;png;wav;mfcribbon-ms</Extensions>
    </Filter>
    <Filter Include="TestsShapes">
      <UniqueIdentifier>{bd91a863-51e2-4c60-ac3d-10b01756c5b5}</UniqueIdentifier>
    </Filter>
    <Filter Include="TestApplication">
      <UniqueIdentifier>{35ee45d1-ddb2-45e0-a12c-c33ba71909b7}</UniqueIdentifier>
    </Filter>
    <Filter Include="TestDrawer">
      <UniqueIdentifier>{c4e19713-9b44-42aa-94d9-4b5c508978d4}</UniqueIdentifier>
    </Filter>
    <Filter Include="TestDrawer\TestClasses">
      <UniqueIdentifier>{629d7a74-4795-4b55-b452-e9b27ad6bcf2}</UniqueIdentifier>
    </Filter>
    <Filter Include="TestsShapes\Shapes">
      <UniqueIdentifier>{1de365e2-6ad3-4036-89ae-e2e94fdd1ee6}</UniqueIdentifier>
    </Filter>
    <Filter Include="TestApplication\TestClasess">
      <UniqueIdentifier>{75cd2f5d-6378-4b69-823b-2837435453ca}</UniqueIdentifier>
    </Filter>
  </ItemGroup>
  <ItemGroup>
    <Text Include="ReadMe.txt" />
  </ItemGroup>
  <ItemGroup>
    <ClInclude Include="stdafx.h">
      <Filter>Header Files</Filter>
    </ClInclude>
    <ClInclude Include="targetver.h">
      <Filter>Header Files</Filter>
    </ClInclude>
    <ClInclude Include="LineSegmentTests.h">
      <Filter>Header Files</Filter>
    </ClInclude>
    <ClInclude Include="MyCPointTests.h">
      <Filter>Header Files</Filter>
    </ClInclude>
    <ClInclude Include="TriangleTests.h">
      <Filter>Header Files</Filter>
    </ClInclude>
    <ClInclude Include="RectangleTests.h">
      <Filter>Header Files</Filter>
    </ClInclude>
    <ClInclude Include="CircleTests.h">
      <Filter>Header Files</Filter>
    </ClInclude>
    <ClInclude Include="TestDrawer.h">
      <Filter>TestDrawer</Filter>
    </ClInclude>
    <ClInclude Include="..\Shapes\Circle.h">
      <Filter>TestsShapes\Shapes</Filter>
    </ClInclude>
    <ClInclude Include="..\Shapes\IShape.h">
      <Filter>TestsShapes\Shapes</Filter>
    </ClInclude>
    <ClInclude Include="..\Shapes\ISolidShape.h">
      <Filter>TestsShapes\Shapes</Filter>
    </ClInclude>
    <ClInclude Include="..\Shapes\LineSegment.h">
      <Filter>TestsShapes\Shapes</Filter>
    </ClInclude>
    <ClInclude Include="..\Shapes\MyCPoint.h">
      <Filter>TestsShapes\Shapes</Filter>
    </ClInclude>
    <ClInclude Include="..\Shapes\Rectangle.h">
      <Filter>TestsShapes\Shapes</Filter>
    </ClInclude>
    <ClInclude Include="..\Shapes\Triangle.h">
      <Filter>TestsShapes\Shapes</Filter>
    </ClInclude>
    <ClInclude Include="..\SorterShapes\Application.h">
      <Filter>TestApplication\TestClasess</Filter>
    </ClInclude>
    <ClInclude Include="..\SorterShapes\ShapeReader.h">
      <Filter>TestApplication\TestClasess</Filter>
    </ClInclude>
    <ClInclude Include="..\SorterShapes\SorterShapes.h">
      <Filter>TestApplication\TestClasess</Filter>
    </ClInclude>
    <ClInclude Include="TestSorter.h">
      <Filter>TestApplication</Filter>
    </ClInclude>
    <ClInclude Include="..\Shapes\CShape.h">
      <Filter>TestsShapes\Shapes</Filter>
    </ClInclude>
    <ClInclude Include="..\Shapes\CSolidShape.h">
      <Filter>TestsShapes\Shapes</Filter>
    </ClInclude>
    <ClInclude Include="..\Shapes\IAccepter.h">
      <Filter>TestsShapes\Shapes</Filter>
    </ClInclude>
    <ClInclude Include="..\Shapes\IVisitor.h">
      <Filter>TestsShapes\Shapes</Filter>
    </ClInclude>
    <ClInclude Include="..\ShapeVisitor.h">
      <Filter>TestDrawer\TestClasses</Filter>
    </ClInclude>
    <ClInclude Include="..\ConvertShape.h">
      <Filter>TestDrawer\TestClasses</Filter>
    </ClInclude>
  </ItemGroup>
  <ItemGroup>
    <ClCompile Include="stdafx.cpp">
      <Filter>Source Files</Filter>
    </ClCompile>
    <ClCompile Include="bodies_tests.cpp">
      <Filter>Source Files</Filter>
    </ClCompile>
    <ClCompile Include="Tests.cpp">
      <Filter>Source Files</Filter>
    </ClCompile>
    <ClCompile Include="TestDrawer.cpp">
      <Filter>TestDrawer</Filter>
    </ClCompile>
    <ClCompile Include="..\Shapes\Circle.cpp">
      <Filter>TestsShapes\Shapes</Filter>
    </ClCompile>
    <ClCompile Include="..\Shapes\IShape.cpp">
      <Filter>TestsShapes\Shapes</Filter>
    </ClCompile>
    <ClCompile Include="..\Shapes\ISolidShape.cpp">
      <Filter>TestsShapes\Shapes</Filter>
    </ClCompile>
    <ClCompile Include="..\Shapes\LineSegment.cpp">
      <Filter>TestsShapes\Shapes</Filter>
    </ClCompile>
    <ClCompile Include="..\Shapes\MyCPoint.cpp">
      <Filter>TestsShapes\Shapes</Filter>
    </ClCompile>
    <ClCompile Include="..\Shapes\Rectangle.cpp">
      <Filter>TestsShapes\Shapes</Filter>
    </ClCompile>
    <ClCompile Include="..\Shapes\Triangle.cpp">
      <Filter>TestsShapes\Shapes</Filter>
    </ClCompile>
    <ClCompile Include="TriangleTests.cpp">
      <Filter>TestsShapes</Filter>
    </ClCompile>
    <ClCompile Include="RectangleTests.cpp">
      <Filter>TestsShapes</Filter>
    </ClCompile>
    <ClCompile Include="MyCPointTests.cpp">
      <Filter>TestsShapes</Filter>
    </ClCompile>
    <ClCompile Include="LineSegmentTests.cpp">
      <Filter>TestsShapes</Filter>
    </ClCompile>
    <ClCompile Include="CircleTests.cpp">
      <Filter>TestsShapes</Filter>
    </ClCompile>
    <ClCompile Include="..\SorterShapes\Application.cpp">
      <Filter>TestApplication\TestClasess</Filter>
    </ClCompile>
    <ClCompile Include="..\SorterShapes\ShapeReader.cpp">
      <Filter>TestApplication\TestClasess</Filter>
    </ClCompile>
    <ClCompile Include="..\SorterShapes\SorterShapes.cpp">
      <Filter>TestApplication\TestClasess</Filter>
    </ClCompile>
    <ClCompile Include="TestSorter.cpp">
      <Filter>TestApplication</Filter>
    </ClCompile>
    <ClCompile Include="..\Shapes\CShape.cpp">
      <Filter>TestsShapes\Shapes</Filter>
    </ClCompile>
    <ClCompile Include="..\Shapes\CSolidShape.cpp">
      <Filter>TestsShapes\Shapes</Filter>
    </ClCompile>
    <ClCompile Include="..\ShapeVisitor.cpp">
      <Filter>TestDrawer\TestClasses</Filter>
    </ClCompile>
    <ClCompile Include="..\ConvertShape.cpp">
      <Filter>TestDrawer\TestClasses</Filter>
    </ClCompile>
  </ItemGroup>
</Project>